PODS:
  - HaptikLib (2.6.7):
    - HaptikLib/Core (= 2.6.7)
  - HaptikLib/Base (2.6.7):
    - PINRemoteImage (= 3.0.1)
    - PINRemoteImage/WebP (= 3.0.1)
  - HaptikLib/Core (2.6.7):
    - HaptikLib/Base
  - libwebp (1.1.0):
    - libwebp/demux (= 1.1.0)
    - libwebp/mux (= 1.1.0)
    - libwebp/webp (= 1.1.0)
  - libwebp/demux (1.1.0):
    - libwebp/webp
  - libwebp/mux (1.1.0):
    - libwebp/demux
  - libwebp/webp (1.1.0)
  - PINCache (3.0.3):
    - PINCache/Arc-exception-safe (= 3.0.3)
    - PINCache/Core (= 3.0.3)
  - PINCache/Arc-exception-safe (3.0.3):
    - PINCache/Core
  - PINCache/Core (3.0.3):
    - PINOperation (~> 1.2.1)
  - PINOperation (1.2.1)
  - PINRemoteImage (3.0.1):
    - PINRemoteImage/PINCache (= 3.0.1)
  - PINRemoteImage/Core (3.0.1):
    - PINOperation
  - PINRemoteImage/PINCache (3.0.1):
    - PINCache (~> 3.0.1)
    - PINRemoteImage/Core
  - PINRemoteImage/WebP (3.0.1):
    - libwebp
    - PINRemoteImage/Core

DEPENDENCIES:
  - HaptikLib (from `../../`)

SPEC REPOS:
  trunk:
    - libwebp
    - PINCache
    - PINOperation
    - PINRemoteImage

EXTERNAL SOURCES:
  HaptikLib:
    :path: "../../"

SPEC CHECKSUMS:
  HaptikLib: 2470c8c048f094c60a02c00fa275f52d5aad0523
  libwebp: 946cb3063cea9236285f7e9a8505d806d30e07f3
  PINCache: 7a8fc1a691173d21dbddbf86cd515de6efa55086
  PINOperation: 00c935935f1e8cf0d1e2d6b542e75b88fc3e5e20
  PINRemoteImage: 3b7cedb118c2d357f87e9eabc7c81ba0202cb236

PODFILE CHECKSUM: af48b7d0fe816286c0ab0aceecab9a38fe7f58a7

COCOAPODS: 1.10.1
