PODS:
  - FLAnimatedImage (1.0.12)
  - HaptikLib (2.1.0):
    - HaptikLib/Core (= 2.1.0)
  - HaptikLib/Base (2.1.0):
    - PINRemoteImage (= 3.0.0-beta.13)
    - PINRemoteImage/WebP (= 3.0.0-beta.13)
  - HaptikLib/Core (2.1.0):
    - HaptikLib/Base
  - libwebp (1.0.0):
    - libwebp/core (= 1.0.0)
    - libwebp/dec (= 1.0.0)
    - libwebp/demux (= 1.0.0)
    - libwebp/dsp (= 1.0.0)
    - libwebp/enc (= 1.0.0)
    - libwebp/mux (= 1.0.0)
    - libwebp/utils (= 1.0.0)
    - libwebp/webp (= 1.0.0)
  - libwebp/core (1.0.0):
    - libwebp/webp
  - libwebp/dec (1.0.0):
    - libwebp/core
  - libwebp/demux (1.0.0):
    - libwebp/core
  - libwebp/dsp (1.0.0):
    - libwebp/core
  - libwebp/enc (1.0.0):
    - libwebp/core
  - libwebp/mux (1.0.0):
    - libwebp/core
  - libwebp/utils (1.0.0):
    - libwebp/core
  - libwebp/webp (1.0.0)
  - PINCache (3.0.1-beta.6):
    - PINCache/Arc-exception-safe (= 3.0.1-beta.6)
    - PINCache/Core (= 3.0.1-beta.6)
  - PINCache/Arc-exception-safe (3.0.1-beta.6):
    - PINCache/Core
  - PINCache/Core (3.0.1-beta.6):
    - PINOperation (~> 1.1.0)
  - PINOperation (1.1.1)
  - PINRemoteImage (3.0.0-beta.13):
    - PINRemoteImage/FLAnimatedImage (= 3.0.0-beta.13)
    - PINRemoteImage/PINCache (= 3.0.0-beta.13)
  - PINRemoteImage/Core (3.0.0-beta.13):
    - PINOperation
  - PINRemoteImage/FLAnimatedImage (3.0.0-beta.13):
    - FLAnimatedImage (>= 1.0)
    - PINRemoteImage/Core
  - PINRemoteImage/PINCache (3.0.0-beta.13):
    - PINCache (= 3.0.1-beta.6)
    - PINRemoteImage/Core
  - PINRemoteImage/WebP (3.0.0-beta.13):
    - libwebp
    - PINRemoteImage/Core

DEPENDENCIES:
  - HaptikLib (from `../../`)

SPEC REPOS:
  https://github.com/CocoaPods/Specs.git:
    - FLAnimatedImage
    - libwebp
    - PINCache
    - PINOperation
    - PINRemoteImage

EXTERNAL SOURCES:
  HaptikLib:
    :path: "../../"

SPEC CHECKSUMS:
  FLAnimatedImage: 4a0b56255d9b05f18b6dd7ee06871be5d3b89e31
  HaptikLib: a02bc81d87332cabc01da5649be462785a2ea578
  libwebp: d7e0c95fe97245c97e08101eba10702ebb0f6101
  PINCache: d195fdba255283f7e9900a55e3cced377f431f9b
  PINOperation: a6219e6fc9db9c269eb7a7b871ac193bcf400aac
  PINRemoteImage: d6d51c5d2adda55f1ce30c96e850b6c4ebd2856a

PODFILE CHECKSUM: af48b7d0fe816286c0ab0aceecab9a38fe7f58a7

COCOAPODS: 1.8.4
