PODS:
  - HaptikLib (2.6.4):
    - HaptikLib/Core (= 2.6.4)
  - HaptikLib/Base (2.6.4):
    - PINRemoteImage (= 3.0.1)
    - PINRemoteImage/WebP (= 3.0.1)
  - HaptikLib/Core (2.6.4):
    - HaptikLib/Base
  - libwebp (1.1.0):
    - libwebp/demux (= 1.1.0)
    - libwebp/mux (= 1.1.0)
    - libwebp/webp (= 1.1.0)
  - libwebp/demux (1.1.0):
    - libwebp/webp
  - libwebp/mux (1.1.0):
    - libwebp/demux
  - libwebp/webp (1.1.0)
  - PINCache (3.0.1):
    - PINCache/Arc-exception-safe (= 3.0.1)
    - PINCache/Core (= 3.0.1)
  - PINCache/Arc-exception-safe (3.0.1):
    - PINCache/Core
  - PINCache/Core (3.0.1):
    - PINOperation (~> 1.2.0)
  - PINOperation (1.2)
  - PINRemoteImage (3.0.1):
    - PINRemoteImage/PINCache (= 3.0.1)
  - PINRemoteImage/Core (3.0.1):
    - PINOperation
  - PINRemoteImage/PINCache (3.0.1):
    - PINCache (~> 3.0.1)
    - PINRemoteImage/Core
  - PINRemoteImage/WebP (3.0.1):
    - libwebp
    - PINRemoteImage/Core

DEPENDENCIES:
  - HaptikLib (from `../../`)

SPEC REPOS:
  trunk:
    - libwebp
    - PINCache
    - PINOperation
    - PINRemoteImage

EXTERNAL SOURCES:
  HaptikLib:
    :path: "../../"

SPEC CHECKSUMS:
  HaptikLib: 036b687d37d2577758fb0691300fd44c023d5469
  libwebp: 946cb3063cea9236285f7e9a8505d806d30e07f3
  PINCache: ee3c4abadd09970a61cdda0cfc345e69a3d75b26
  PINOperation: 3a967a927e7867e61976c6cc23e5770416449fbc
  PINRemoteImage: 3b7cedb118c2d357f87e9eabc7c81ba0202cb236

PODFILE CHECKSUM: af48b7d0fe816286c0ab0aceecab9a38fe7f58a7

COCOAPODS: 1.9.3
