// !$*UTF8*$!
{
	archiveVersion = 1;
	classes = {
	};
	objectVersion = 50;
	objects = {

/* Begin PBXBuildFile section */
		7019E71923471BCF008EA97A /* AppDelegate.swift in Sources */ = {isa = PBXBuildFile; fileRef = 7019E71823471BCF008EA97A /* AppDelegate.swift */; };
		7019E71B23471BCF008EA97A /* SceneDelegate.swift in Sources */ = {isa = PBXBuildFile; fileRef = 7019E71A23471BCF008EA97A /* SceneDelegate.swift */; };
		7019E71D23471BCF008EA97A /* RootViewController.swift in Sources */ = {isa = PBXBuildFile; fileRef = 7019E71C23471BCF008EA97A /* RootViewController.swift */; };
		7019E72023471BD0008EA97A /* Main.storyboard in Resources */ = {isa = PBXBuildFile; fileRef = 7019E71E23471BD0008EA97A /* Main.storyboard */; };
		7019E72223471BD1008EA97A /* Assets.xcassets in Resources */ = {isa = PBXBuildFile; fileRef = 7019E72123471BD1008EA97A /* Assets.xcassets */; };
		7019E72523471BD1008EA97A /* LaunchScreen.storyboard in Resources */ = {isa = PBXBuildFile; fileRef = 7019E72323471BD1008EA97A /* LaunchScreen.storyboard */; };
		7019E73D23471F53008EA97A /* HaptikLib.framework in Frameworks */ = {isa = PBXBuildFile; fileRef = 7019E73A23471EA7008EA97A /* HaptikLib.framework */; };
		7019E73E23471F53008EA97A /* HaptikLib.framework in Embed Frameworks */ = {isa = PBXBuildFile; fileRef = 7019E73A23471EA7008EA97A /* HaptikLib.framework */; settings = {ATTRIBUTES = (CodeSignOnCopy, RemoveHeadersOnCopy, ); }; };
		7019E74A2347205E008EA97A /* PINCache.framework in Frameworks */ = {isa = PBXBuildFile; fileRef = 7019E7462347204D008EA97A /* PINCache.framework */; };
		7019E74B2347205E008EA97A /* PINCache.framework in Embed Frameworks */ = {isa = PBXBuildFile; fileRef = 7019E7462347204D008EA97A /* PINCache.framework */; settings = {ATTRIBUTES = (CodeSignOnCopy, RemoveHeadersOnCopy, ); }; };
		7019E74C2347205F008EA97A /* PINOperation.framework in Frameworks */ = {isa = PBXBuildFile; fileRef = 7019E7442347204C008EA97A /* PINOperation.framework */; };
		7019E74D2347205F008EA97A /* PINOperation.framework in Embed Frameworks */ = {isa = PBXBuildFile; fileRef = 7019E7442347204C008EA97A /* PINOperation.framework */; settings = {ATTRIBUTES = (CodeSignOnCopy, RemoveHeadersOnCopy, ); }; };
		7019E74E23472060008EA97A /* PINRemoteImage.framework in Frameworks */ = {isa = PBXBuildFile; fileRef = 7019E7452347204C008EA97A /* PINRemoteImage.framework */; };
		7019E74F23472060008EA97A /* PINRemoteImage.framework in Embed Frameworks */ = {isa = PBXBuildFile; fileRef = 7019E7452347204C008EA97A /* PINRemoteImage.framework */; settings = {ATTRIBUTES = (CodeSignOnCopy, RemoveHeadersOnCopy, ); }; };
		7019E78123472975008EA97A /* HelperExtensions.swift in Sources */ = {isa = PBXBuildFile; fileRef = 7019E78023472975008EA97A /* HelperExtensions.swift */; };
		7019E78223472D97008EA97A /* HaptikBase.framework in Frameworks */ = {isa = PBXBuildFile; fileRef = 7019E74023471F5A008EA97A /* HaptikBase.framework */; };
		7019E78323472D97008EA97A /* HaptikBase.framework in Embed Frameworks */ = {isa = PBXBuildFile; fileRef = 7019E74023471F5A008EA97A /* HaptikBase.framework */; settings = {ATTRIBUTES = (CodeSignOnCopy, RemoveHeadersOnCopy, ); }; };
/* End PBXBuildFile section */

/* Begin PBXCopyFilesBuildPhase section */
		7019E73F23471F53008EA97A /* Embed Frameworks */ = {
			isa = PBXCopyFilesBuildPhase;
			buildActionMask = 2147483647;
			dstPath = "";
			dstSubfolderSpec = 10;
			files = (
				7019E74F23472060008EA97A /* PINRemoteImage.framework in Embed Frameworks */,
				7019E73E23471F53008EA97A /* HaptikLib.framework in Embed Frameworks */,
				7019E74D2347205F008EA97A /* PINOperation.framework in Embed Frameworks */,
				7019E78323472D97008EA97A /* HaptikBase.framework in Embed Frameworks */,
				7019E74B2347205E008EA97A /* PINCache.framework in Embed Frameworks */,
			);
			name = "Embed Frameworks";
			runOnlyForDeploymentPostprocessing = 0;
		};
/* End PBXCopyFilesBuildPhase section */

/* Begin PBXFileReference section */
		7019E71523471BCF008EA97A /* Swift-Example-Manual.app */ = {isa = PBXFileReference; explicitFileType = wrapper.application; includeInIndex = 0; path = "Swift-Example-Manual.app"; sourceTree = BUILT_PRODUCTS_DIR; };
		7019E71823471BCF008EA97A /* AppDelegate.swift */ = {isa = PBXFileReference; lastKnownFileType = sourcecode.swift; path = AppDelegate.swift; sourceTree = "<group>"; };
		7019E71A23471BCF008EA97A /* SceneDelegate.swift */ = {isa = PBXFileReference; lastKnownFileType = sourcecode.swift; path = SceneDelegate.swift; sourceTree = "<group>"; };
		7019E71C23471BCF008EA97A /* RootViewController.swift */ = {isa = PBXFileReference; lastKnownFileType = sourcecode.swift; path = RootViewController.swift; sourceTree = "<group>"; };
		7019E71F23471BD0008EA97A /* Base */ = {isa = PBXFileReference; lastKnownFileType = file.storyboard; name = Base; path = Base.lproj/Main.storyboard; sourceTree = "<group>"; };
		7019E72123471BD1008EA97A /* Assets.xcassets */ = {isa = PBXFileReference; lastKnownFileType = folder.assetcatalog; path = Assets.xcassets; sourceTree = "<group>"; };
		7019E72423471BD1008EA97A /* Base */ = {isa = PBXFileReference; lastKnownFileType = file.storyboard; name = Base; path = Base.lproj/LaunchScreen.storyboard; sourceTree = "<group>"; };
		7019E72623471BD1008EA97A /* Info.plist */ = {isa = PBXFileReference; lastKnownFileType = text.plist.xml; path = Info.plist; sourceTree = "<group>"; };
		7019E73A23471EA7008EA97A /* HaptikLib.framework */ = {isa = PBXFileReference; lastKnownFileType = wrapper.framework; name = HaptikLib.framework; path = ../../Frameworks/Core/HaptikLib.framework; sourceTree = "<group>"; };
		7019E74023471F5A008EA97A /* HaptikBase.framework */ = {isa = PBXFileReference; lastKnownFileType = wrapper.framework; name = HaptikBase.framework; path = ../../Frameworks/Base/HaptikBase.framework; sourceTree = "<group>"; };
		7019E7442347204C008EA97A /* PINOperation.framework */ = {isa = PBXFileReference; lastKnownFileType = wrapper.framework; path = PINOperation.framework; sourceTree = "<group>"; };
		7019E7452347204C008EA97A /* PINRemoteImage.framework */ = {isa = PBXFileReference; lastKnownFileType = wrapper.framework; path = PINRemoteImage.framework; sourceTree = "<group>"; };
		7019E7462347204D008EA97A /* PINCache.framework */ = {isa = PBXFileReference; lastKnownFileType = wrapper.framework; path = PINCache.framework; sourceTree = "<group>"; };
		7019E78023472975008EA97A /* HelperExtensions.swift */ = {isa = PBXFileReference; fileEncoding = 4; lastKnownFileType = sourcecode.swift; path = HelperExtensions.swift; sourceTree = "<group>"; };
/* End PBXFileReference section */

/* Begin PBXFrameworksBuildPhase section */
		7019E71223471BCF008EA97A /* Frameworks */ = {
			isa = PBXFrameworksBuildPhase;
			buildActionMask = 2147483647;
			files = (
				7019E74E23472060008EA97A /* PINRemoteImage.framework in Frameworks */,
				7019E74C2347205F008EA97A /* PINOperation.framework in Frameworks */,
				7019E74A2347205E008EA97A /* PINCache.framework in Frameworks */,
				7019E78223472D97008EA97A /* HaptikBase.framework in Frameworks */,
				7019E73D23471F53008EA97A /* HaptikLib.framework in Frameworks */,
			);
			runOnlyForDeploymentPostprocessing = 0;
		};
/* End PBXFrameworksBuildPhase section */

/* Begin PBXGroup section */
		7019E70C23471BCF008EA97A = {
			isa = PBXGroup;
			children = (
				7019E71723471BCF008EA97A /* Swift-Example-Manual */,
				7019E71623471BCF008EA97A /* Products */,
				7019E73923471EA7008EA97A /* Frameworks */,
			);
			sourceTree = "<group>";
		};
		7019E71623471BCF008EA97A /* Products */ = {
			isa = PBXGroup;
			children = (
				7019E71523471BCF008EA97A /* Swift-Example-Manual.app */,
			);
			name = Products;
			sourceTree = "<group>";
		};
		7019E71723471BCF008EA97A /* Swift-Example-Manual */ = {
			isa = PBXGroup;
			children = (
				7019E77F23472975008EA97A /* Extensions */,
				7019E71823471BCF008EA97A /* AppDelegate.swift */,
				7019E71A23471BCF008EA97A /* SceneDelegate.swift */,
				7019E72C23471C4C008EA97A /* Controllers */,
				7019E74323472025008EA97A /* Dependencies */,
				7019E72D23471D4A008EA97A /* Resources */,
				7019E72F23471D5B008EA97A /* Storyboards */,
				7019E73023471D61008EA97A /* Supporting Files */,
			);
			path = "Swift-Example-Manual";
			sourceTree = "<group>";
		};
		7019E72C23471C4C008EA97A /* Controllers */ = {
			isa = PBXGroup;
			children = (
				7019E71C23471BCF008EA97A /* RootViewController.swift */,
			);
			path = Controllers;
			sourceTree = "<group>";
		};
		7019E72D23471D4A008EA97A /* Resources */ = {
			isa = PBXGroup;
			children = (
				7019E72123471BD1008EA97A /* Assets.xcassets */,
			);
			path = Resources;
			sourceTree = "<group>";
		};
		7019E72F23471D5B008EA97A /* Storyboards */ = {
			isa = PBXGroup;
			children = (
				7019E71E23471BD0008EA97A /* Main.storyboard */,
			);
			path = Storyboards;
			sourceTree = "<group>";
		};
		7019E73023471D61008EA97A /* Supporting Files */ = {
			isa = PBXGroup;
			children = (
				7019E72323471BD1008EA97A /* LaunchScreen.storyboard */,
				7019E72623471BD1008EA97A /* Info.plist */,
			);
			path = "Supporting Files";
			sourceTree = "<group>";
		};
		7019E73923471EA7008EA97A /* Frameworks */ = {
			isa = PBXGroup;
			children = (
				7019E74023471F5A008EA97A /* HaptikBase.framework */,
				7019E73A23471EA7008EA97A /* HaptikLib.framework */,
			);
			name = Frameworks;
			sourceTree = "<group>";
		};
		7019E74323472025008EA97A /* Dependencies */ = {
			isa = PBXGroup;
			children = (
				7019E7462347204D008EA97A /* PINCache.framework */,
				7019E7442347204C008EA97A /* PINOperation.framework */,
				7019E7452347204C008EA97A /* PINRemoteImage.framework */,
			);
			path = Dependencies;
			sourceTree = "<group>";
		};
		7019E77F23472975008EA97A /* Extensions */ = {
			isa = PBXGroup;
			children = (
				7019E78023472975008EA97A /* HelperExtensions.swift */,
			);
			name = Extensions;
			path = ../../Shared/Extensions;
			sourceTree = "<group>";
		};
/* End PBXGroup section */

/* Begin PBXNativeTarget section */
		7019E71423471BCF008EA97A /* Swift-Example-Manual */ = {
			isa = PBXNativeTarget;
			buildConfigurationList = 7019E72923471BD1008EA97A /* Build configuration list for PBXNativeTarget "Swift-Example-Manual" */;
			buildPhases = (
				7019E71123471BCF008EA97A /* Sources */,
				7019E71223471BCF008EA97A /* Frameworks */,
				7019E71323471BCF008EA97A /* Resources */,
				7019E73F23471F53008EA97A /* Embed Frameworks */,
			);
			buildRules = (
			);
			dependencies = (
			);
			name = "Swift-Example-Manual";
			productName = "Swift-Example-Manual";
			productReference = 7019E71523471BCF008EA97A /* Swift-Example-Manual.app */;
			productType = "com.apple.product-type.application";
		};
/* End PBXNativeTarget section */

/* Begin PBXProject section */
		7019E70D23471BCF008EA97A /* Project object */ = {
			isa = PBXProject;
			attributes = {
				LastSwiftUpdateCheck = 1100;
				LastUpgradeCheck = 1100;
				ORGANIZATIONNAME = Haptik;
				TargetAttributes = {
					7019E71423471BCF008EA97A = {
						CreatedOnToolsVersion = 11.0;
					};
				};
			};
			buildConfigurationList = 7019E71023471BCF008EA97A /* Build configuration list for PBXProject "Swift-Example-Manual" */;
			compatibilityVersion = "Xcode 9.3";
			developmentRegion = en;
			hasScannedForEncodings = 0;
			knownRegions = (
				en,
				Base,
			);
			mainGroup = 7019E70C23471BCF008EA97A;
			productRefGroup = 7019E71623471BCF008EA97A /* Products */;
			projectDirPath = "";
			projectRoot = "";
			targets = (
				7019E71423471BCF008EA97A /* Swift-Example-Manual */,
			);
		};
/* End PBXProject section */

/* Begin PBXResourcesBuildPhase section */
		7019E71323471BCF008EA97A /* Resources */ = {
			isa = PBXResourcesBuildPhase;
			buildActionMask = 2147483647;
			files = (
				7019E72523471BD1008EA97A /* LaunchScreen.storyboard in Resources */,
				7019E72223471BD1008EA97A /* Assets.xcassets in Resources */,
				7019E72023471BD0008EA97A /* Main.storyboard in Resources */,
			);
			runOnlyForDeploymentPostprocessing = 0;
		};
/* End PBXResourcesBuildPhase section */

/* Begin PBXSourcesBuildPhase section */
		7019E71123471BCF008EA97A /* Sources */ = {
			isa = PBXSourcesBuildPhase;
			buildActionMask = 2147483647;
			files = (
				7019E71D23471BCF008EA97A /* RootViewController.swift in Sources */,
				7019E78123472975008EA97A /* HelperExtensions.swift in Sources */,
				7019E71923471BCF008EA97A /* AppDelegate.swift in Sources */,
				7019E71B23471BCF008EA97A /* SceneDelegate.swift in Sources */,
			);
			runOnlyForDeploymentPostprocessing = 0;
		};
/* End PBXSourcesBuildPhase section */

/* Begin PBXVariantGroup section */
		7019E71E23471BD0008EA97A /* Main.storyboard */ = {
			isa = PBXVariantGroup;
			children = (
				7019E71F23471BD0008EA97A /* Base */,
			);
			name = Main.storyboard;
			sourceTree = "<group>";
		};
		7019E72323471BD1008EA97A /* LaunchScreen.storyboard */ = {
			isa = PBXVariantGroup;
			children = (
				7019E72423471BD1008EA97A /* Base */,
			);
			name = LaunchScreen.storyboard;
			sourceTree = "<group>";
		};
/* End PBXVariantGroup section */

/* Begin XCBuildConfiguration section */
		7019E72723471BD1008EA97A /* Debug */ = {
			isa = XCBuildConfiguration;
			buildSettings = {
				ALWAYS_SEARCH_USER_PATHS = NO;
				CLANG_ANALYZER_NONNULL = YES;
				CLANG_ANALYZER_NUMBER_OBJECT_CONVERSION = YES_AGGRESSIVE;
				CLANG_CXX_LANGUAGE_STANDARD = "gnu++14";
				CLANG_CXX_LIBRARY = "libc++";
				CLANG_ENABLE_MODULES = YES;
				CLANG_ENABLE_OBJC_ARC = YES;
				CLANG_ENABLE_OBJC_WEAK = YES;
				CLANG_WARN_BLOCK_CAPTURE_AUTORELEASING = YES;
				CLANG_WARN_BOOL_CONVERSION = YES;
				CLANG_WARN_COMMA = YES;
				CLANG_WARN_CONSTANT_CONVERSION = YES;
				CLANG_WARN_DEPRECATED_OBJC_IMPLEMENTATIONS = YES;
				CLANG_WARN_DIRECT_OBJC_ISA_USAGE = YES_ERROR;
				CLANG_WARN_DOCUMENTATION_COMMENTS = YES;
				CLANG_WARN_EMPTY_BODY = YES;
				CLANG_WARN_ENUM_CONVERSION = YES;
				CLANG_WARN_INFINITE_RECURSION = YES;
				CLANG_WARN_INT_CONVERSION = YES;
				CLANG_WARN_NON_LITERAL_NULL_CONVERSION = YES;
				CLANG_WARN_OBJC_IMPLICIT_RETAIN_SELF = YES;
				CLANG_WARN_OBJC_LITERAL_CONVERSION = YES;
				CLANG_WARN_OBJC_ROOT_CLASS = YES_ERROR;
				CLANG_WARN_RANGE_LOOP_ANALYSIS = YES;
				CLANG_WARN_STRICT_PROTOTYPES = YES;
				CLANG_WARN_SUSPICIOUS_MOVE = YES;
				CLANG_WARN_UNGUARDED_AVAILABILITY = YES_AGGRESSIVE;
				CLANG_WARN_UNREACHABLE_CODE = YES;
				CLANG_WARN__DUPLICATE_METHOD_MATCH = YES;
				COPY_PHASE_STRIP = NO;
				DEBUG_INFORMATION_FORMAT = dwarf;
				ENABLE_STRICT_OBJC_MSGSEND = YES;
				ENABLE_TESTABILITY = YES;
				GCC_C_LANGUAGE_STANDARD = gnu11;
				GCC_DYNAMIC_NO_PIC = NO;
				GCC_NO_COMMON_BLOCKS = YES;
				GCC_OPTIMIZATION_LEVEL = 0;
				GCC_PREPROCESSOR_DEFINITIONS = (
					"DEBUG=1",
					"$(inherited)",
				);
				GCC_WARN_64_TO_32_BIT_CONVERSION = YES;
				GCC_WARN_ABOUT_RETURN_TYPE = YES_ERROR;
				GCC_WARN_UNDECLARED_SELECTOR = YES;
				GCC_WARN_UNINITIALIZED_AUTOS = YES_AGGRESSIVE;
				GCC_WARN_UNUSED_FUNCTION = YES;
				GCC_WARN_UNUSED_VARIABLE = YES;
				IPHONEOS_DEPLOYMENT_TARGET = 13.0;
				MTL_ENABLE_DEBUG_INFO = INCLUDE_SOURCE;
				MTL_FAST_MATH = YES;
				ONLY_ACTIVE_ARCH = YES;
				SDKROOT = iphoneos;
				SWIFT_ACTIVE_COMPILATION_CONDITIONS = DEBUG;
				SWIFT_OPTIMIZATION_LEVEL = "-Onone";
			};
			name = Debug;
		};
		7019E72823471BD1008EA97A /* Release */ = {
			isa = XCBuildConfiguration;
			buildSettings = {
				ALWAYS_SEARCH_USER_PATHS = NO;
				CLANG_ANALYZER_NONNULL = YES;
				CLANG_ANALYZER_NUMBER_OBJECT_CONVERSION = YES_AGGRESSIVE;
				CLANG_CXX_LANGUAGE_STANDARD = "gnu++14";
				CLANG_CXX_LIBRARY = "libc++";
				CLANG_ENABLE_MODULES = YES;
				CLANG_ENABLE_OBJC_ARC = YES;
				CLANG_ENABLE_OBJC_WEAK = YES;
				CLANG_WARN_BLOCK_CAPTURE_AUTORELEASING = YES;
				CLANG_WARN_BOOL_CONVERSION = YES;
				CLANG_WARN_COMMA = YES;
				CLANG_WARN_CONSTANT_CONVERSION = YES;
				CLANG_WARN_DEPRECATED_OBJC_IMPLEMENTATIONS = YES;
				CLANG_WARN_DIRECT_OBJC_ISA_USAGE = YES_ERROR;
				CLANG_WARN_DOCUMENTATION_COMMENTS = YES;
				CLANG_WARN_EMPTY_BODY = YES;
				CLANG_WARN_ENUM_CONVERSION = YES;
				CLANG_WARN_INFINITE_RECURSION = YES;
				CLANG_WARN_INT_CONVERSION = YES;
				CLANG_WARN_NON_LITERAL_NULL_CONVERSION = YES;
				CLANG_WARN_OBJC_IMPLICIT_RETAIN_SELF = YES;
				CLANG_WARN_OBJC_LITERAL_CONVERSION = YES;
				CLANG_WARN_OBJC_ROOT_CLASS = YES_ERROR;
				CLANG_WARN_RANGE_LOOP_ANALYSIS = YES;
				CLANG_WARN_STRICT_PROTOTYPES = YES;
				CLANG_WARN_SUSPICIOUS_MOVE = YES;
				CLANG_WARN_UNGUARDED_AVAILABILITY = YES_AGGRESSIVE;
				CLANG_WARN_UNREACHABLE_CODE = YES;
				CLANG_WARN__DUPLICATE_METHOD_MATCH = YES;
				COPY_PHASE_STRIP = NO;
				DEBUG_INFORMATION_FORMAT = "dwarf-with-dsym";
				ENABLE_NS_ASSERTIONS = NO;
				ENABLE_STRICT_OBJC_MSGSEND = YES;
				GCC_C_LANGUAGE_STANDARD = gnu11;
				GCC_NO_COMMON_BLOCKS = YES;
				GCC_WARN_64_TO_32_BIT_CONVERSION = YES;
				GCC_WARN_ABOUT_RETURN_TYPE = YES_ERROR;
				GCC_WARN_UNDECLARED_SELECTOR = YES;
				GCC_WARN_UNINITIALIZED_AUTOS = YES_AGGRESSIVE;
				GCC_WARN_UNUSED_FUNCTION = YES;
				GCC_WARN_UNUSED_VARIABLE = YES;
				IPHONEOS_DEPLOYMENT_TARGET = 13.0;
				MTL_ENABLE_DEBUG_INFO = NO;
				MTL_FAST_MATH = YES;
				SDKROOT = iphoneos;
				SWIFT_COMPILATION_MODE = wholemodule;
				SWIFT_OPTIMIZATION_LEVEL = "-O";
				VALIDATE_PRODUCT = YES;
			};
			name = Release;
		};
		7019E72A23471BD1008EA97A /* Debug */ = {
			isa = XCBuildConfiguration;
			buildSettings = {
				ASSETCATALOG_COMPILER_APPICON_NAME = AppIcon;
				CODE_SIGN_STYLE = Automatic;
				CURRENT_PROJECT_VERSION = 1;
				DEVELOPMENT_TEAM = 6MKXXM927S;
				FRAMEWORK_SEARCH_PATHS = (
					"$(inherited)",
					"$(PROJECT_DIR)/Swift-Example-Manual/Dependencies",
					"$(PROJECT_DIR)/../../Frameworks/**",
				);
				INFOPLIST_FILE = "$(SRCROOT)/Swift-Example-Manual/Supporting Files/Info.plist";
				IPHONEOS_DEPLOYMENT_TARGET = 9.0;
				LD_RUNPATH_SEARCH_PATHS = (
					"$(inherited)",
					"@executable_path/Frameworks",
				);
				MARKETING_VERSION = 1.0;
				PRODUCT_BUNDLE_IDENTIFIER = "com.haptik.Swift-Example-Manual";
				PRODUCT_NAME = "$(TARGET_NAME)";
				SWIFT_VERSION = 5.0;
				TARGETED_DEVICE_FAMILY = 1;
			};
			name = Debug;
		};
		7019E72B23471BD1008EA97A /* Release */ = {
			isa = XCBuildConfiguration;
			buildSettings = {
				ASSETCATALOG_COMPILER_APPICON_NAME = AppIcon;
				CODE_SIGN_STYLE = Automatic;
				CURRENT_PROJECT_VERSION = 1;
				DEVELOPMENT_TEAM = 6MKXXM927S;
				FRAMEWORK_SEARCH_PATHS = (
					"$(inherited)",
					"$(PROJECT_DIR)/Swift-Example-Manual/Dependencies",
					"$(PROJECT_DIR)/../../Frameworks/**",
				);
				INFOPLIST_FILE = "$(SRCROOT)/Swift-Example-Manual/Supporting Files/Info.plist";
				IPHONEOS_DEPLOYMENT_TARGET = 9.0;
				LD_RUNPATH_SEARCH_PATHS = (
					"$(inherited)",
					"@executable_path/Frameworks",
				);
				MARKETING_VERSION = 1.0;
				PRODUCT_BUNDLE_IDENTIFIER = "com.haptik.Swift-Example-Manual";
				PRODUCT_NAME = "$(TARGET_NAME)";
				SWIFT_VERSION = 5.0;
				TARGETED_DEVICE_FAMILY = 1;
			};
			name = Release;
		};
/* End XCBuildConfiguration section */

/* Begin XCConfigurationList section */
		7019E71023471BCF008EA97A /* Build configuration list for PBXProject "Swift-Example-Manual" */ = {
			isa = XCConfigurationList;
			buildConfigurations = (
				7019E72723471BD1008EA97A /* Debug */,
				7019E72823471BD1008EA97A /* Release */,
			);
			defaultConfigurationIsVisible = 0;
			defaultConfigurationName = Release;
		};
		7019E72923471BD1008EA97A /* Build configuration list for PBXNativeTarget "Swift-Example-Manual" */ = {
			isa = XCConfigurationList;
			buildConfigurations = (
				7019E72A23471BD1008EA97A /* Debug */,
				7019E72B23471BD1008EA97A /* Release */,
			);
			defaultConfigurationIsVisible = 0;
			defaultConfigurationName = Release;
		};
/* End XCConfigurationList section */
	};
	rootObject = 7019E70D23471BCF008EA97A /* Project object */;
}
